// !$*UTF8*$!
{
	archiveVersion = 1;
	classes = {
	};
	objectVersion = 50;
	objects = {

/* Begin PBXBuildFile section */
		260F3B7922BA000300C112DD /* AppDelegate.swift in Sources */ = {isa = PBXBuildFile; fileRef = 260F3B7822BA000300C112DD /* AppDelegate.swift */; };
		260F3B7B22BA000300C112DD /* ViewController.swift in Sources */ = {isa = PBXBuildFile; fileRef = 260F3B7A22BA000300C112DD /* ViewController.swift */; };
		260F3B7E22BA000300C112DD /* Main.storyboard in Resources */ = {isa = PBXBuildFile; fileRef = 260F3B7C22BA000300C112DD /* Main.storyboard */; };
		260F3B8022BA000700C112DD /* Assets.xcassets in Resources */ = {isa = PBXBuildFile; fileRef = 260F3B7F22BA000700C112DD /* Assets.xcassets */; };
		260F3B8322BA000700C112DD /* LaunchScreen.storyboard in Resources */ = {isa = PBXBuildFile; fileRef = 260F3B8122BA000700C112DD /* LaunchScreen.storyboard */; };
		260F3B8E22BA000700C112DD /* ExplainTests.swift in Sources */ = {isa = PBXBuildFile; fileRef = 260F3B8D22BA000700C112DD /* ExplainTests.swift */; };
		260F3B9922BA000700C112DD /* ExplainUITests.swift in Sources */ = {isa = PBXBuildFile; fileRef = 260F3B9822BA000700C112DD /* ExplainUITests.swift */; };
/* End PBXBuildFile section */

/* Begin PBXContainerItemProxy section */
		260F3B8A22BA000700C112DD /* PBXContainerItemProxy */ = {
			isa = PBXContainerItemProxy;
			containerPortal = 260F3B6D22BA000300C112DD /* Project object */;
			proxyType = 1;
			remoteGlobalIDString = 260F3B7422BA000300C112DD;
			remoteInfo = Explain;
		};
		260F3B9522BA000700C112DD /* PBXContainerItemProxy */ = {
			isa = PBXContainerItemProxy;
			containerPortal = 260F3B6D22BA000300C112DD /* Project object */;
			proxyType = 1;
			remoteGlobalIDString = 260F3B7422BA000300C112DD;
			remoteInfo = Explain;
		};
/* End PBXContainerItemProxy section */

/* Begin PBXFileReference section */
		260F3B7522BA000300C112DD /* Explain.app */ = {isa = PBXFileReference; explicitFileType = wrapper.application; includeInIndex = 0; path = Explain.app; sourceTree = BUILT_PRODUCTS_DIR; };
		260F3B7822BA000300C112DD /* AppDelegate.swift */ = {isa = PBXFileReference; lastKnownFileType = sourcecode.swift; path = AppDelegate.swift; sourceTree = "<group>"; };
		260F3B7A22BA000300C112DD /* ViewController.swift */ = {isa = PBXFileReference; lastKnownFileType = sourcecode.swift; path = ViewController.swift; sourceTree = "<group>"; };
		260F3B7D22BA000300C112DD /* Base */ = {isa = PBXFileReference; lastKnownFileType = file.storyboard; name = Base; path = Base.lproj/Main.storyboard; sourceTree = "<group>"; };
		260F3B7F22BA000700C112DD /* Assets.xcassets */ = {isa = PBXFileReference; lastKnownFileType = folder.assetcatalog; path = Assets.xcassets; sourceTree = "<group>"; };
		260F3B8222BA000700C112DD /* Base */ = {isa = PBXFileReference; lastKnownFileType = file.storyboard; name = Base; path = Base.lproj/LaunchScreen.storyboard; sourceTree = "<group>"; };
		260F3B8422BA000700C112DD /* Info.plist */ = {isa = PBXFileReference; lastKnownFileType = text.plist.xml; path = Info.plist; sourceTree = "<group>"; };
		260F3B8922BA000700C112DD /* ExplainTests.xctest */ = {isa = PBXFileReference; explicitFileType = wrapper.cfbundle; includeInIndex = 0; path = ExplainTests.xctest; sourceTree = BUILT_PRODUCTS_DIR; };
		260F3B8D22BA000700C112DD /* ExplainTests.swift */ = {isa = PBXFileReference; lastKnownFileType = sourcecode.swift; path = ExplainTests.swift; sourceTree = "<group>"; };
		260F3B8F22BA000700C112DD /* Info.plist */ = {isa = PBXFileReference; lastKnownFileType = text.plist.xml; path = Info.plist; sourceTree = "<group>"; };
		260F3B9422BA000700C112DD /* ExplainUITests.xctest */ = {isa = PBXFileReference; explicitFileType = wrapper.cfbundle; includeInIndex = 0; path = ExplainUITests.xctest; sourceTree = BUILT_PRODUCTS_DIR; };
		260F3B9822BA000700C112DD /* ExplainUITests.swift */ = {isa = PBXFileReference; lastKnownFileType = sourcecode.swift; path = ExplainUITests.swift; sourceTree = "<group>"; };
		260F3B9A22BA000700C112DD /* Info.plist */ = {isa = PBXFileReference; lastKnownFileType = text.plist.xml; path = Info.plist; sourceTree = "<group>"; };
/* End PBXFileReference section */

/* Begin PBXFrameworksBuildPhase section */
		260F3B7222BA000300C112DD /* Frameworks */ = {
			isa = PBXFrameworksBuildPhase;
			buildActionMask = 2147483647;
			files = (
			);
			runOnlyForDeploymentPostprocessing = 0;
		};
		260F3B8622BA000700C112DD /* Frameworks */ = {
			isa = PBXFrameworksBuildPhase;
			buildActionMask = 2147483647;
			files = (
			);
			runOnlyForDeploymentPostprocessing = 0;
		};
		260F3B9122BA000700C112DD /* Frameworks */ = {
			isa = PBXFrameworksBuildPhase;
			buildActionMask = 2147483647;
			files = (
			);
			runOnlyForDeploymentPostprocessing = 0;
		};
/* End PBXFrameworksBuildPhase section */

/* Begin PBXGroup section */
		260F3B6C22BA000300C112DD = {
			isa = PBXGroup;
			children = (
				260F3B7722BA000300C112DD /* Explain */,
				260F3B8C22BA000700C112DD /* ExplainTests */,
				260F3B9722BA000700C112DD /* ExplainUITests */,
				260F3B7622BA000300C112DD /* Products */,
			);
			sourceTree = "<group>";
		};
		260F3B7622BA000300C112DD /* Products */ = {
			isa = PBXGroup;
			children = (
				260F3B7522BA000300C112DD /* Explain.app */,
				260F3B8922BA000700C112DD /* ExplainTests.xctest */,
				260F3B9422BA000700C112DD /* ExplainUITests.xctest */,
			);
			name = Products;
			sourceTree = "<group>";
		};
		260F3B7722BA000300C112DD /* Explain */ = {
			isa = PBXGroup;
			children = (
				260F3B7822BA000300C112DD /* AppDelegate.swift */,
				260F3B7A22BA000300C112DD /* ViewController.swift */,
				260F3B7C22BA000300C112DD /* Main.storyboard */,
				260F3B7F22BA000700C112DD /* Assets.xcassets */,
				260F3B8122BA000700C112DD /* LaunchScreen.storyboard */,
				260F3B8422BA000700C112DD /* Info.plist */,
			);
			path = Explain;
			sourceTree = "<group>";
		};
		260F3B8C22BA000700C112DD /* ExplainTests */ = {
			isa = PBXGroup;
			children = (
				260F3B8D22BA000700C112DD /* ExplainTests.swift */,
				260F3B8F22BA000700C112DD /* Info.plist */,
			);
			path = ExplainTests;
			sourceTree = "<group>";
		};
		260F3B9722BA000700C112DD /* ExplainUITests */ = {
			isa = PBXGroup;
			children = (
				260F3B9822BA000700C112DD /* ExplainUITests.swift */,
				260F3B9A22BA000700C112DD /* Info.plist */,
			);
			path = ExplainUITests;
			sourceTree = "<group>";
		};
/* End PBXGroup section */

/* Begin PBXNativeTarget section */
		260F3B7422BA000300C112DD /* Explain */ = {
			isa = PBXNativeTarget;
			buildConfigurationList = 260F3B9D22BA000700C112DD /* Build configuration list for PBXNativeTarget "Explain" */;
			buildPhases = (
				260F3B7122BA000300C112DD /* Sources */,
				260F3B7222BA000300C112DD /* Frameworks */,
				260F3B7322BA000300C112DD /* Resources */,
			);
			buildRules = (
			);
			dependencies = (
			);
			name = Explain;
			productName = Explain;
			productReference = 260F3B7522BA000300C112DD /* Explain.app */;
			productType = "com.apple.product-type.application";
		};
		260F3B8822BA000700C112DD /* ExplainTests */ = {
			isa = PBXNativeTarget;
			buildConfigurationList = 260F3BA022BA000700C112DD /* Build configuration list for PBXNativeTarget "ExplainTests" */;
			buildPhases = (
				260F3B8522BA000700C112DD /* Sources */,
				260F3B8622BA000700C112DD /* Frameworks */,
				260F3B8722BA000700C112DD /* Resources */,
			);
			buildRules = (
			);
			dependencies = (
				260F3B8B22BA000700C112DD /* PBXTargetDependency */,
			);
			name = ExplainTests;
			productName = ExplainTests;
			productReference = 260F3B8922BA000700C112DD /* ExplainTests.xctest */;
			productType = "com.apple.product-type.bundle.unit-test";
		};
		260F3B9322BA000700C112DD /* ExplainUITests */ = {
			isa = PBXNativeTarget;
			buildConfigurationList = 260F3BA322BA000700C112DD /* Build configuration list for PBXNativeTarget "ExplainUITests" */;
			buildPhases = (
				260F3B9022BA000700C112DD /* Sources */,
				260F3B9122BA000700C112DD /* Frameworks */,
				260F3B9222BA000700C112DD /* Resources */,
			);
			buildRules = (
			);
			dependencies = (
				260F3B9622BA000700C112DD /* PBXTargetDependency */,
			);
			name = ExplainUITests;
			productName = ExplainUITests;
			productReference = 260F3B9422BA000700C112DD /* ExplainUITests.xctest */;
			productType = "com.apple.product-type.bundle.ui-testing";
		};
/* End PBXNativeTarget section */

/* Begin PBXProject section */
		260F3B6D22BA000300C112DD /* Project object */ = {
			isa = PBXProject;
			attributes = {
				LastSwiftUpdateCheck = 1020;
				LastUpgradeCheck = 1020;
				ORGANIZATIONNAME = "Jz D";
				TargetAttributes = {
					260F3B7422BA000300C112DD = {
						CreatedOnToolsVersion = 10.2.1;
					};
					260F3B8822BA000700C112DD = {
						CreatedOnToolsVersion = 10.2.1;
						TestTargetID = 260F3B7422BA000300C112DD;
					};
					260F3B9322BA000700C112DD = {
						CreatedOnToolsVersion = 10.2.1;
						TestTargetID = 260F3B7422BA000300C112DD;
					};
				};
			};
			buildConfigurationList = 260F3B7022BA000300C112DD /* Build configuration list for PBXProject "Explain" */;
			compatibilityVersion = "Xcode 9.3";
			developmentRegion = en;
			hasScannedForEncodings = 0;
			knownRegions = (
				en,
				Base,
			);
			mainGroup = 260F3B6C22BA000300C112DD;
			productRefGroup = 260F3B7622BA000300C112DD /* Products */;
			projectDirPath = "";
			projectRoot = "";
			targets = (
				260F3B7422BA000300C112DD /* Explain */,
				260F3B8822BA000700C112DD /* ExplainTests */,
				260F3B9322BA000700C112DD /* ExplainUITests */,
			);
		};
/* End PBXProject section */

/* Begin PBXResourcesBuildPhase section */
		260F3B7322BA000300C112DD /* Resources */ = {
			isa = PBXResourcesBuildPhase;
			buildActionMask = 2147483647;
			files = (
				260F3B8322BA000700C112DD /* LaunchScreen.storyboard in Resources */,
				260F3B8022BA000700C112DD /* Assets.xcassets in Resources */,
				260F3B7E22BA000300C112DD /* Main.storyboard in Resources */,
			);
			runOnlyForDeploymentPostprocessing = 0;
		};
		260F3B8722BA000700C112DD /* Resources */ = {
			isa = PBXResourcesBuildPhase;
			buildActionMask = 2147483647;
			files = (
			);
			runOnlyForDeploymentPostprocessing = 0;
		};
		260F3B9222BA000700C112DD /* Resources */ = {
			isa = PBXResourcesBuildPhase;
			buildActionMask = 2147483647;
			files = (
			);
			runOnlyForDeploymentPostprocessing = 0;
		};
/* End PBXResourcesBuildPhase section */

/* Begin PBXSourcesBuildPhase section */
		260F3B7122BA000300C112DD /* Sources */ = {
			isa = PBXSourcesBuildPhase;
			buildActionMask = 2147483647;
			files = (
				260F3B7B22BA000300C112DD /* ViewController.swift in Sources */,
				260F3B7922BA000300C112DD /* AppDelegate.swift in Sources */,
			);
			runOnlyForDeploymentPostprocessing = 0;
		};
		260F3B8522BA000700C112DD /* Sources */ = {
			isa = PBXSourcesBuildPhase;
			buildActionMask = 2147483647;
			files = (
				260F3B8E22BA000700C112DD /* ExplainTests.swift in Sources */,
			);
			runOnlyForDeploymentPostprocessing = 0;
		};
		260F3B9022BA000700C112DD /* Sources */ = {
			isa = PBXSourcesBuildPhase;
			buildActionMask = 2147483647;
			files = (
				260F3B9922BA000700C112DD /* ExplainUITests.swift in Sources */,
			);
			runOnlyForDeploymentPostprocessing = 0;
		};
/* End PBXSourcesBuildPhase section */

/* Begin PBXTargetDependency section */
		260F3B8B22BA000700C112DD /* PBXTargetDependency */ = {
			isa = PBXTargetDependency;
			target = 260F3B7422BA000300C112DD /* Explain */;
			targetProxy = 260F3B8A22BA000700C112DD /* PBXContainerItemProxy */;
		};
		260F3B9622BA000700C112DD /* PBXTargetDependency */ = {
			isa = PBXTargetDependency;
			target = 260F3B7422BA000300C112DD /* Explain */;
			targetProxy = 260F3B9522BA000700C112DD /* PBXContainerItemProxy */;
		};
/* End PBXTargetDependency section */

/* Begin PBXVariantGroup section */
		260F3B7C22BA000300C112DD /* Main.storyboard */ = {
			isa = PBXVariantGroup;
			children = (
				260F3B7D22BA000300C112DD /* Base */,
			);
			name = Main.storyboard;
			sourceTree = "<group>";
		};
		260F3B8122BA000700C112DD /* LaunchScreen.storyboard */ = {
			isa = PBXVariantGroup;
			children = (
				260F3B8222BA000700C112DD /* Base */,
			);
			name = LaunchScreen.storyboard;
			sourceTree = "<group>";
		};
/* End PBXVariantGroup section */

/* Begin XCBuildConfiguration section */
		260F3B9B22BA000700C112DD /* Debug */ = {
			isa = XCBuildConfiguration;
			buildSettings = {
				ALWAYS_SEARCH_USER_PATHS = NO;
				CLANG_ANALYZER_NONNULL = YES;
				CLANG_ANALYZER_NUMBER_OBJECT_CONVERSION = YES_AGGRESSIVE;
				CLANG_CXX_LANGUAGE_STANDARD = "gnu++14";
				CLANG_CXX_LIBRARY = "libc++";
				CLANG_ENABLE_MODULES = YES;
				CLANG_ENABLE_OBJC_ARC = YES;
				CLANG_ENABLE_OBJC_WEAK = YES;
				CLANG_WARN_BLOCK_CAPTURE_AUTORELEASING = YES;
				CLANG_WARN_BOOL_CONVERSION = YES;
				CLANG_WARN_COMMA = YES;
				CLANG_WARN_CONSTANT_CONVERSION = YES;
				CLANG_WARN_DEPRECATED_OBJC_IMPLEMENTATIONS = YES;
				CLANG_WARN_DIRECT_OBJC_ISA_USAGE = YES_ERROR;
				CLANG_WARN_DOCUMENTATION_COMMENTS = YES;
				CLANG_WARN_EMPTY_BODY = YES;
				CLANG_WARN_ENUM_CONVERSION = YES;
				CLANG_WARN_INFINITE_RECURSION = YES;
				CLANG_WARN_INT_CONVERSION = YES;
				CLANG_WARN_NON_LITERAL_NULL_CONVERSION = YES;
				CLANG_WARN_OBJC_IMPLICIT_RETAIN_SELF = YES;
				CLANG_WARN_OBJC_LITERAL_CONVERSION = YES;
				CLANG_WARN_OBJC_ROOT_CLASS = YES_ERROR;
				CLANG_WARN_RANGE_LOOP_ANALYSIS = YES;
				CLANG_WARN_STRICT_PROTOTYPES = YES;
				CLANG_WARN_SUSPICIOUS_MOVE = YES;
				CLANG_WARN_UNGUARDED_AVAILABILITY = YES_AGGRESSIVE;
				CLANG_WARN_UNREACHABLE_CODE = YES;
				CLANG_WARN__DUPLICATE_METHOD_MATCH = YES;
				CODE_SIGN_IDENTITY = "iPhone Developer";
				COPY_PHASE_STRIP = NO;
				DEBUG_INFORMATION_FORMAT = dwarf;
				ENABLE_STRICT_OBJC_MSGSEND = YES;
				ENABLE_TESTABILITY = YES;
				GCC_C_LANGUAGE_STANDARD = gnu11;
				GCC_DYNAMIC_NO_PIC = NO;
				GCC_NO_COMMON_BLOCKS = YES;
				GCC_OPTIMIZATION_LEVEL = 0;
				GCC_PREPROCESSOR_DEFINITIONS = (
					"DEBUG=1",
					"$(inherited)",
				);
				GCC_WARN_64_TO_32_BIT_CONVERSION = YES;
				GCC_WARN_ABOUT_RETURN_TYPE = YES_ERROR;
				GCC_WARN_UNDECLARED_SELECTOR = YES;
				GCC_WARN_UNINITIALIZED_AUTOS = YES_AGGRESSIVE;
				GCC_WARN_UNUSED_FUNCTION = YES;
				GCC_WARN_UNUSED_VARIABLE = YES;
				IPHONEOS_DEPLOYMENT_TARGET = 12.2;
				MTL_ENABLE_DEBUG_INFO = INCLUDE_SOURCE;
				MTL_FAST_MATH = YES;
				ONLY_ACTIVE_ARCH = YES;
				SDKROOT = iphoneos;
				SWIFT_ACTIVE_COMPILATION_CONDITIONS = DEBUG;
				SWIFT_OPTIMIZATION_LEVEL = "-Onone";
			};
			name = Debug;
		};
		260F3B9C22BA000700C112DD /* Release */ = {
			isa = XCBuildConfiguration;
			buildSettings = {
				ALWAYS_SEARCH_USER_PATHS = NO;
				CLANG_ANALYZER_NONNULL = YES;
				CLANG_ANALYZER_NUMBER_OBJECT_CONVERSION = YES_AGGRESSIVE;
				CLANG_CXX_LANGUAGE_STANDARD = "gnu++14";
				CLANG_CXX_LIBRARY = "libc++";
				CLANG_ENABLE_MODULES = YES;
				CLANG_ENABLE_OBJC_ARC = YES;
				CLANG_ENABLE_OBJC_WEAK = YES;
				CLANG_WARN_BLOCK_CAPTURE_AUTORELEASING = YES;
				CLANG_WARN_BOOL_CONVERSION = YES;
				CLANG_WARN_COMMA = YES;
				CLANG_WARN_CONSTANT_CONVERSION = YES;
				CLANG_WARN_DEPRECATED_OBJC_IMPLEMENTATIONS = YES;
				CLANG_WARN_DIRECT_OBJC_ISA_USAGE = YES_ERROR;
				CLANG_WARN_DOCUMENTATION_COMMENTS = YES;
				CLANG_WARN_EMPTY_BODY = YES;
				CLANG_WARN_ENUM_CONVERSION = YES;
				CLANG_WARN_INFINITE_RECURSION = YES;
				CLANG_WARN_INT_CONVERSION = YES;
				CLANG_WARN_NON_LITERAL_NULL_CONVERSION = YES;
				CLANG_WARN_OBJC_IMPLICIT_RETAIN_SELF = YES;
				CLANG_WARN_OBJC_LITERAL_CONVERSION = YES;
				CLANG_WARN_OBJC_ROOT_CLASS = YES_ERROR;
				CLANG_WARN_RANGE_LOOP_ANALYSIS = YES;
				CLANG_WARN_STRICT_PROTOTYPES = YES;
				CLANG_WARN_SUSPICIOUS_MOVE = YES;
				CLANG_WARN_UNGUARDED_AVAILABILITY = YES_AGGRESSIVE;
				CLANG_WARN_UNREACHABLE_CODE = YES;
				CLANG_WARN__DUPLICATE_METHOD_MATCH = YES;
				CODE_SIGN_IDENTITY = "iPhone Developer";
				COPY_PHASE_STRIP = NO;
				DEBUG_INFORMATION_FORMAT = "dwarf-with-dsym";
				ENABLE_NS_ASSERTIONS = NO;
				ENABLE_STRICT_OBJC_MSGSEND = YES;
				GCC_C_LANGUAGE_STANDARD = gnu11;
				GCC_NO_COMMON_BLOCKS = YES;
				GCC_WARN_64_TO_32_BIT_CONVERSION = YES;
				GCC_WARN_ABOUT_RETURN_TYPE = YES_ERROR;
				GCC_WARN_UNDECLARED_SELECTOR = YES;
				GCC_WARN_UNINITIALIZED_AUTOS = YES_AGGRESSIVE;
				GCC_WARN_UNUSED_FUNCTION = YES;
				GCC_WARN_UNUSED_VARIABLE = YES;
				IPHONEOS_DEPLOYMENT_TARGET = 12.2;
				MTL_ENABLE_DEBUG_INFO = NO;
				MTL_FAST_MATH = YES;
				SDKROOT = iphoneos;
				SWIFT_COMPILATION_MODE = wholemodule;
				SWIFT_OPTIMIZATION_LEVEL = "-O";
				VALIDATE_PRODUCT = YES;
			};
			name = Release;
		};
		260F3B9E22BA000700C112DD /* Debug */ = {
			isa = XCBuildConfiguration;
			buildSettings = {
				ASSETCATALOG_COMPILER_APPICON_NAME = AppIcon;
				CODE_SIGN_STYLE = Automatic;
				DEVELOPMENT_TEAM = D8SPS9FZQ8;
				INFOPLIST_FILE = Explain/Info.plist;
				LD_RUNPATH_SEARCH_PATHS = (
					"$(inherited)",
					"@executable_path/Frameworks",
				);
				PRODUCT_BUNDLE_IDENTIFIER = com.dengApro.Explain;
				PRODUCT_NAME = "$(TARGET_NAME)";
				SWIFT_VERSION = 5.0;
				TARGETED_DEVICE_FAMILY = "1,2";
			};
			name = Debug;
		};
		260F3B9F22BA000700C112DD /* Release */ = {
			isa = XCBuildConfiguration;
			buildSettings = {
				ASSETCATALOG_COMPILER_APPICON_NAME = AppIcon;
				CODE_SIGN_STYLE = Automatic;
				DEVELOPMENT_TEAM = D8SPS9FZQ8;
				INFOPLIST_FILE = Explain/Info.plist;
				LD_RUNPATH_SEARCH_PATHS = (
					"$(inherited)",
					"@executable_path/Frameworks",
				);
				PRODUCT_BUNDLE_IDENTIFIER = com.dengApro.Explain;
				PRODUCT_NAME = "$(TARGET_NAME)";
				SWIFT_VERSION = 5.0;
				TARGETED_DEVICE_FAMILY = "1,2";
			};
			name = Release;
		};
		260F3BA122BA000700C112DD /* Debug */ = {
			isa = XCBuildConfiguration;
			buildSettings = {
				ALWAYS_EMBED_SWIFT_STANDARD_LIBRARIES = YES;
				BUNDLE_LOADER = "$(TEST_HOST)";
				CODE_SIGN_STYLE = Automatic;
				DEVELOPMENT_TEAM = D8SPS9FZQ8;
				INFOPLIST_FILE = ExplainTests/Info.plist;
				LD_RUNPATH_SEARCH_PATHS = (
					"$(inherited)",
					"@executable_path/Frameworks",
					"@loader_path/Frameworks",
				);
				PRODUCT_BUNDLE_IDENTIFIER = com.dengApro.ExplainTests;
				PRODUCT_NAME = "$(TARGET_NAME)";
				SWIFT_VERSION = 5.0;
				TARGETED_DEVICE_FAMILY = "1,2";
				TEST_HOST = "$(BUILT_PRODUCTS_DIR)/Explain.app/Explain";
			};
			name = Debug;
		};
		260F3BA222BA000700C112DD /* Release */ = {
			isa = XCBuildConfiguration;
			buildSettings = {
				ALWAYS_EMBED_SWIFT_STANDARD_LIBRARIES = YES;
				BUNDLE_LOADER = "$(TEST_HOST)";
				CODE_SIGN_STYLE = Automatic;
				DEVELOPMENT_TEAM = D8SPS9FZQ8;
				INFOPLIST_FILE = ExplainTests/Info.plist;
				LD_RUNPATH_SEARCH_PATHS = (
					"$(inherited)",
					"@executable_path/Frameworks",
					"@loader_path/Frameworks",
				);
				PRODUCT_BUNDLE_IDENTIFIER = com.dengApro.ExplainTests;
				PRODUCT_NAME = "$(TARGET_NAME)";
				SWIFT_VERSION = 5.0;
				TARGETED_DEVICE_FAMILY = "1,2";
				TEST_HOST = "$(BUILT_PRODUCTS_DIR)/Explain.app/Explain";
			};
			name = Release;
		};
		260F3BA422BA000700C112DD /* Debug */ = {
			isa = XCBuildConfiguration;
			buildSettings = {
				ALWAYS_EMBED_SWIFT_STANDARD_LIBRARIES = YES;
				CODE_SIGN_STYLE = Automatic;
				DEVELOPMENT_TEAM = D8SPS9FZQ8;
				INFOPLIST_FILE = ExplainUITests/Info.plist;
				LD_RUNPATH_SEARCH_PATHS = (
					"$(inherited)",
					"@executable_path/Frameworks",
					"@loader_path/Frameworks",
				);
				PRODUCT_BUNDLE_IDENTIFIER = com.dengApro.ExplainUITests;
				PRODUCT_NAME = "$(TARGET_NAME)";
				SWIFT_VERSION = 5.0;
				TARGETED_DEVICE_FAMILY = "1,2";
				TEST_TARGET_NAME = Explain;
			};
			name = Debug;
		};
		260F3BA522BA000700C112DD /* Release */ = {
			isa = XCBuildConfiguration;
			buildSettings = {
				ALWAYS_EMBED_SWIFT_STANDARD_LIBRARIES = YES;
				CODE_SIGN_STYLE = Automatic;
				DEVELOPMENT_TEAM = D8SPS9FZQ8;
				INFOPLIST_FILE = ExplainUITests/Info.plist;
				LD_RUNPATH_SEARCH_PATHS = (
					"$(inherited)",
					"@executable_path/Frameworks",
					"@loader_path/Frameworks",
				);
				PRODUCT_BUNDLE_IDENTIFIER = com.dengApro.ExplainUITests;
				PRODUCT_NAME = "$(TARGET_NAME)";
				SWIFT_VERSION = 5.0;
				TARGETED_DEVICE_FAMILY = "1,2";
				TEST_TARGET_NAME = Explain;
			};
			name = Release;
		};
/* End XCBuildConfiguration section */

/* Begin XCConfigurationList section */
		260F3B7022BA000300C112DD /* Build configuration list for PBXProject "Explain" */ = {
			isa = XCConfigurationList;
			buildConfigurations = (
				260F3B9B22BA000700C112DD /* Debug */,
				260F3B9C22BA000700C112DD /* Release */,
			);
			defaultConfigurationIsVisible = 0;
			defaultConfigurationName = Release;
		};
		260F3B9D22BA000700C112DD /* Build configuration list for PBXNativeTarget "Explain" */ = {
			isa = XCConfigurationList;
			buildConfigurations = (
				260F3B9E22BA000700C112DD /* Debug */,
				260F3B9F22BA000700C112DD /* Release */,
			);
			defaultConfigurationIsVisible = 0;
			defaultConfigurationName = Release;
		};
		260F3BA022BA000700C112DD /* Build configuration list for PBXNativeTarget "ExplainTests" */ = {
			isa = XCConfigurationList;
			buildConfigurations = (
				260F3BA122BA000700C112DD /* Debug */,
				260F3BA222BA000700C112DD /* Release */,
			);
			defaultConfigurationIsVisible = 0;
			defaultConfigurationName = Release;
		};
		260F3BA322BA000700C112DD /* Build configuration list for PBXNativeTarget "ExplainUITests" */ = {
			isa = XCConfigurationList;
			buildConfigurations = (
				260F3BA422BA000700C112DD /* Debug */,
				260F3BA522BA000700C112DD /* Release */,
			);
			defaultConfigurationIsVisible = 0;
			defaultConfigurationName = Release;
		};
/* End XCConfigurationList section */
	};
	rootObject = 260F3B6D22BA000300C112DD /* Project object */;
}
